
Microsoft Visual Studio Solution File, Format Version 12.00
# Visual Studio 15
VisualStudioVersion = 15.0.27130.2010
MinimumVisualStudioVersion = 10.0.40219.1
Project("{9A19103F-16F7-4668-BE54-9A1E7A4F7556}") = "ObjectiveTracker", "ObjectiveTracker\ObjectiveTracker.csproj", "{34EB4C93-094A-4D8D-919D-CD3DB527698D}"
EndProject
Project("{9A19103F-16F7-4668-BE54-9A1E7A4F7556}") = "ObjectiveTrackerTests", "ObjectiveTrackerTests\ObjectiveTrackerTests.csproj", "{60EC6202-B78E-4664-8A2E-702DE875B31E}"
EndProject
Global
	GlobalSection(SolutionConfigurationPlatforms) = preSolution
		Debug|Any CPU = Debug|Any CPU
		Release|Any CPU = Release|Any CPU
	EndGlobalSection
	GlobalSection(ProjectConfigurationPlatforms) = postSolution
		{34EB4C93-094A-4D8D-919D-CD3DB527698D}.Debug|Any CPU.ActiveCfg = Debug|Any CPU
		{34EB4C93-094A-4D8D-919D-CD3DB527698D}.Debug|Any CPU.Build.0 = Debug|Any CPU
		{34EB4C93-094A-4D8D-919D-CD3DB527698D}.Release|Any CPU.ActiveCfg = Release|Any CPU
		{34EB4C93-094A-4D8D-919D-CD3DB527698D}.Release|Any CPU.Build.0 = Release|Any CPU
		{60EC6202-B78E-4664-8A2E-702DE875B31E}.Debug|Any CPU.ActiveCfg = Debug|Any CPU
		{60EC6202-B78E-4664-8A2E-702DE875B31E}.Debug|Any CPU.Build.0 = Debug|Any CPU
		{60EC6202-B78E-4664-8A2E-702DE875B31E}.Release|Any CPU.ActiveCfg = Release|Any CPU
		{60EC6202-B78E-4664-8A2E-702DE875B31E}.Release|Any CPU.Build.0 = Release|Any CPU
	EndGlobalSection
	GlobalSection(SolutionProperties) = preSolution
		HideSolutionNode = FALSE
	EndGlobalSection
	GlobalSection(ExtensibilityGlobals) = postSolution
		SolutionGuid = {774892FF-A2F6-48F0-B582-E871222C5D4B}
	EndGlobalSection
EndGlobal
